
Microsoft Visual Studio Solution File, Format Version 12.00
# Visual Studio 15
VisualStudioVersion = 15.0.27428.2015
MinimumVisualStudioVersion = 10.0.40219.1
Project("{FAE04EC0-301F-11D3-BF4B-00C04F79EFBC}") = "GoodStore", "GoodStore\GoodStore.csproj", "{490DD684-D66A-4AF8-B320-6476D92F66D2}"
EndProject
Project("{FAE04EC0-301F-11D3-BF4B-00C04F79EFBC}") = "GoodStoreAdo", "GoodStoreAdo\GoodStoreAdo.csproj", "{A3D4F64B-F348-4CA1-9A6D-3BF7FE76C857}"
EndProject
Global
	GlobalSection(SolutionConfigurationPlatforms) = preSolution
		Debug|Any CPU = Debug|Any CPU
		Release|Any CPU = Release|Any CPU
	EndGlobalSection
	GlobalSection(ProjectConfigurationPlatforms) = postSolution
		{490DD684-D66A-4AF8-B320-6476D92F66D2}.Debug|Any CPU.ActiveCfg = Debug|Any CPU
		{490DD684-D66A-4AF8-B320-6476D92F66D2}.Debug|Any CPU.Build.0 = Debug|Any CPU
		{490DD684-D66A-4AF8-B320-6476D92F66D2}.Release|Any CPU.ActiveCfg = Release|Any CPU
		{490DD684-D66A-4AF8-B320-6476D92F66D2}.Release|Any CPU.Build.0 = Release|Any CPU
		{A3D4F64B-F348-4CA1-9A6D-3BF7FE76C857}.Debug|Any CPU.ActiveCfg = Debug|Any CPU
		{A3D4F64B-F348-4CA1-9A6D-3BF7FE76C857}.Debug|Any CPU.Build.0 = Debug|Any CPU
		{A3D4F64B-F348-4CA1-9A6D-3BF7FE76C857}.Release|Any CPU.ActiveCfg = Release|Any CPU
		{A3D4F64B-F348-4CA1-9A6D-3BF7FE76C857}.Release|Any CPU.Build.0 = Release|Any CPU
	EndGlobalSection
	GlobalSection(SolutionProperties) = preSolution
		HideSolutionNode = FALSE
	EndGlobalSection
	GlobalSection(ExtensibilityGlobals) = postSolution
		SolutionGuid = {35D7A612-D4A5-4289-B12E-A2B6FBA90C7D}
	EndGlobalSection
EndGlobal
